// !$*UTF8*$!
{
	archiveVersion = 1;
	classes = {
	};
	objectVersion = 46;
	objects = {

/* Begin PBXBuildFile section */
		C489A6431A2968FD009ECF89 /* AppDelegate.swift in Sources */ = {isa = PBXBuildFile; fileRef = C489A6421A2968FD009ECF89 /* AppDelegate.swift */; };
		C489A6461A2968FD009ECF89 /* barcodeTestReader.xcdatamodeld in Sources */ = {isa = PBXBuildFile; fileRef = C489A6441A2968FD009ECF89 /* barcodeTestReader.xcdatamodeld */; };
		C489A6481A2968FD009ECF89 /* ViewController.swift in Sources */ = {isa = PBXBuildFile; fileRef = C489A6471A2968FD009ECF89 /* ViewController.swift */; };
		C489A64B1A2968FD009ECF89 /* Main.storyboard in Resources */ = {isa = PBXBuildFile; fileRef = C489A6491A2968FD009ECF89 /* Main.storyboard */; };
		C489A64D1A2968FD009ECF89 /* Images.xcassets in Resources */ = {isa = PBXBuildFile; fileRef = C489A64C1A2968FD009ECF89 /* Images.xcassets */; };
		C489A6501A2968FD009ECF89 /* LaunchScreen.xib in Resources */ = {isa = PBXBuildFile; fileRef = C489A64E1A2968FD009ECF89 /* LaunchScreen.xib */; };
		C489A65C1A2968FD009ECF89 /* barcodeTestReaderTests.swift in Sources */ = {isa = PBXBuildFile; fileRef = C489A65B1A2968FD009ECF89 /* barcodeTestReaderTests.swift */; };
		D0ED0BDE1A2B56310090FCED /* ReaderViewController.swift in Sources */ = {isa = PBXBuildFile; fileRef = D0ED0BDD1A2B56310090FCED /* ReaderViewController.swift */; };
		D0ED0BE81A2B566B0090FCED /* RSBarcodes.framework in CopyFiles */ = {isa = PBXBuildFile; fileRef = D0ED0BE41A2B565C0090FCED /* RSBarcodes.framework */; settings = {ATTRIBUTES = (CodeSignOnCopy, RemoveHeadersOnCopy, ); }; };
/* End PBXBuildFile section */

/* Begin PBXContainerItemProxy section */
		C489A6561A2968FD009ECF89 /* PBXContainerItemProxy */ = {
			isa = PBXContainerItemProxy;
			containerPortal = C489A6351A2968FD009ECF89 /* Project object */;
			proxyType = 1;
			remoteGlobalIDString = C489A63C1A2968FD009ECF89;
			remoteInfo = barcodeTestReader;
		};
		D0ED0BE31A2B565C0090FCED /* PBXContainerItemProxy */ = {
			isa = PBXContainerItemProxy;
			containerPortal = D0ED0BDF1A2B565C0090FCED /* RSBarcodes.xcodeproj */;
			proxyType = 2;
			remoteGlobalIDString = D08336371A202E81004EE128;
			remoteInfo = RSBarcodes;
		};
		D0ED0BE51A2B56600090FCED /* PBXContainerItemProxy */ = {
			isa = PBXContainerItemProxy;
			containerPortal = D0ED0BDF1A2B565C0090FCED /* RSBarcodes.xcodeproj */;
			proxyType = 1;
			remoteGlobalIDString = D08336361A202E81004EE128;
			remoteInfo = RSBarcodes;
		};
/* End PBXContainerItemProxy section */

/* Begin PBXCopyFilesBuildPhase section */
		D0ED0BE71A2B56640090FCED /* CopyFiles */ = {
			isa = PBXCopyFilesBuildPhase;
			buildActionMask = 2147483647;
			dstPath = "";
			dstSubfolderSpec = 10;
			files = (
				D0ED0BE81A2B566B0090FCED /* RSBarcodes.framework in CopyFiles */,
			);
			runOnlyForDeploymentPostprocessing = 0;
		};
/* End PBXCopyFilesBuildPhase section */

/* Begin PBXFileReference section */
		C489A63D1A2968FD009ECF89 /* barcodeTestReader.app */ = {isa = PBXFileReference; explicitFileType = wrapper.application; includeInIndex = 0; path = barcodeTestReader.app; sourceTree = BUILT_PRODUCTS_DIR; };
		C489A6411A2968FD009ECF89 /* Info.plist */ = {isa = PBXFileReference; lastKnownFileType = text.plist.xml; path = Info.plist; sourceTree = "<group>"; };
		C489A6421A2968FD009ECF89 /* AppDelegate.swift */ = {isa = PBXFileReference; lastKnownFileType = sourcecode.swift; path = AppDelegate.swift; sourceTree = "<group>"; };
		C489A6451A2968FD009ECF89 /* barcodeTestReader.xcdatamodel */ = {isa = PBXFileReference; lastKnownFileType = wrapper.xcdatamodel; path = barcodeTestReader.xcdatamodel; sourceTree = "<group>"; };
		C489A6471A2968FD009ECF89 /* ViewController.swift */ = {isa = PBXFileReference; lastKnownFileType = sourcecode.swift; path = ViewController.swift; sourceTree = "<group>"; };
		C489A64A1A2968FD009ECF89 /* Base */ = {isa = PBXFileReference; lastKnownFileType = file.storyboard; name = Base; path = Base.lproj/Main.storyboard; sourceTree = "<group>"; };
		C489A64C1A2968FD009ECF89 /* Images.xcassets */ = {isa = PBXFileReference; lastKnownFileType = folder.assetcatalog; path = Images.xcassets; sourceTree = "<group>"; };
		C489A64F1A2968FD009ECF89 /* Base */ = {isa = PBXFileReference; lastKnownFileType = file.xib; name = Base; path = Base.lproj/LaunchScreen.xib; sourceTree = "<group>"; };
		C489A6551A2968FD009ECF89 /* barcodeTestReaderTests.xctest */ = {isa = PBXFileReference; explicitFileType = wrapper.cfbundle; includeInIndex = 0; path = barcodeTestReaderTests.xctest; sourceTree = BUILT_PRODUCTS_DIR; };
		C489A65A1A2968FD009ECF89 /* Info.plist */ = {isa = PBXFileReference; lastKnownFileType = text.plist.xml; path = Info.plist; sourceTree = "<group>"; };
		C489A65B1A2968FD009ECF89 /* barcodeTestReaderTests.swift */ = {isa = PBXFileReference; lastKnownFileType = sourcecode.swift; path = barcodeTestReaderTests.swift; sourceTree = "<group>"; };
		D0ED0BDD1A2B56310090FCED /* ReaderViewController.swift */ = {isa = PBXFileReference; fileEncoding = 4; lastKnownFileType = sourcecode.swift; path = ReaderViewController.swift; sourceTree = "<group>"; };
		D0ED0BDF1A2B565C0090FCED /* RSBarcodes.xcodeproj */ = {isa = PBXFileReference; lastKnownFileType = "wrapper.pb-project"; name = RSBarcodes.xcodeproj; path = RSBarcodes_Swift/RSBarcodes.xcodeproj; sourceTree = SOURCE_ROOT; };
/* End PBXFileReference section */

/* Begin PBXFrameworksBuildPhase section */
		C489A63A1A2968FD009ECF89 /* Frameworks */ = {
			isa = PBXFrameworksBuildPhase;
			buildActionMask = 2147483647;
			files = (
			);
			runOnlyForDeploymentPostprocessing = 0;
		};
		C489A6521A2968FD009ECF89 /* Frameworks */ = {
			isa = PBXFrameworksBuildPhase;
			buildActionMask = 2147483647;
			files = (
			);
			runOnlyForDeploymentPostprocessing = 0;
		};
/* End PBXFrameworksBuildPhase section */

/* Begin PBXGroup section */
		C489A6341A2968FD009ECF89 = {
			isa = PBXGroup;
			children = (
				C489A63F1A2968FD009ECF89 /* barcodeTestReader */,
				C489A6581A2968FD009ECF89 /* barcodeTestReaderTests */,
				C489A63E1A2968FD009ECF89 /* Products */,
			);
			sourceTree = "<group>";
		};
		C489A63E1A2968FD009ECF89 /* Products */ = {
			isa = PBXGroup;
			children = (
				C489A63D1A2968FD009ECF89 /* barcodeTestReader.app */,
				C489A6551A2968FD009ECF89 /* barcodeTestReaderTests.xctest */,
			);
			name = Products;
			sourceTree = "<group>";
		};
		C489A63F1A2968FD009ECF89 /* barcodeTestReader */ = {
			isa = PBXGroup;
			children = (
				D0ED0BDF1A2B565C0090FCED /* RSBarcodes.xcodeproj */,
				C489A6421A2968FD009ECF89 /* AppDelegate.swift */,
				C489A6471A2968FD009ECF89 /* ViewController.swift */,
				D0ED0BDD1A2B56310090FCED /* ReaderViewController.swift */,
				C489A6491A2968FD009ECF89 /* Main.storyboard */,
				C489A64C1A2968FD009ECF89 /* Images.xcassets */,
				C489A64E1A2968FD009ECF89 /* LaunchScreen.xib */,
				C489A6441A2968FD009ECF89 /* barcodeTestReader.xcdatamodeld */,
				C489A6401A2968FD009ECF89 /* Supporting Files */,
			);
			path = barcodeTestReader;
			sourceTree = "<group>";
		};
		C489A6401A2968FD009ECF89 /* Supporting Files */ = {
			isa = PBXGroup;
			children = (
				C489A6411A2968FD009ECF89 /* Info.plist */,
			);
			name = "Supporting Files";
			sourceTree = "<group>";
		};
		C489A6581A2968FD009ECF89 /* barcodeTestReaderTests */ = {
			isa = PBXGroup;
			children = (
				C489A65B1A2968FD009ECF89 /* barcodeTestReaderTests.swift */,
				C489A6591A2968FD009ECF89 /* Supporting Files */,
			);
			path = barcodeTestReaderTests;
			sourceTree = "<group>";
		};
		C489A6591A2968FD009ECF89 /* Supporting Files */ = {
			isa = PBXGroup;
			children = (
				C489A65A1A2968FD009ECF89 /* Info.plist */,
			);
			name = "Supporting Files";
			sourceTree = "<group>";
		};
		D0ED0BE01A2B565C0090FCED /* Products */ = {
			isa = PBXGroup;
			children = (
				D0ED0BE41A2B565C0090FCED /* RSBarcodes.framework */,
			);
			name = Products;
			sourceTree = "<group>";
		};
/* End PBXGroup section */

/* Begin PBXNativeTarget section */
		C489A63C1A2968FD009ECF89 /* barcodeTestReader */ = {
			isa = PBXNativeTarget;
			buildConfigurationList = C489A65F1A2968FD009ECF89 /* Build configuration list for PBXNativeTarget "barcodeTestReader" */;
			buildPhases = (
				C489A6391A2968FD009ECF89 /* Sources */,
				C489A63A1A2968FD009ECF89 /* Frameworks */,
				C489A63B1A2968FD009ECF89 /* Resources */,
				D0ED0BE71A2B56640090FCED /* CopyFiles */,
			);
			buildRules = (
			);
			dependencies = (
				D0ED0BE61A2B56600090FCED /* PBXTargetDependency */,
			);
			name = barcodeTestReader;
			productName = barcodeTestReader;
			productReference = C489A63D1A2968FD009ECF89 /* barcodeTestReader.app */;
			productType = "com.apple.product-type.application";
		};
		C489A6541A2968FD009ECF89 /* barcodeTestReaderTests */ = {
			isa = PBXNativeTarget;
			buildConfigurationList = C489A6621A2968FD009ECF89 /* Build configuration list for PBXNativeTarget "barcodeTestReaderTests" */;
			buildPhases = (
				C489A6511A2968FD009ECF89 /* Sources */,
				C489A6521A2968FD009ECF89 /* Frameworks */,
				C489A6531A2968FD009ECF89 /* Resources */,
			);
			buildRules = (
			);
			dependencies = (
				C489A6571A2968FD009ECF89 /* PBXTargetDependency */,
			);
			name = barcodeTestReaderTests;
			productName = barcodeTestReaderTests;
			productReference = C489A6551A2968FD009ECF89 /* barcodeTestReaderTests.xctest */;
			productType = "com.apple.product-type.bundle.unit-test";
		};
/* End PBXNativeTarget section */

/* Begin PBXProject section */
		C489A6351A2968FD009ECF89 /* Project object */ = {
			isa = PBXProject;
			attributes = {
				LastUpgradeCheck = 0610;
				ORGANIZATIONNAME = "iOS-Blog";
				TargetAttributes = {
					C489A63C1A2968FD009ECF89 = {
						CreatedOnToolsVersion = 6.1;
					};
					C489A6541A2968FD009ECF89 = {
						CreatedOnToolsVersion = 6.1;
						TestTargetID = C489A63C1A2968FD009ECF89;
					};
				};
			};
			buildConfigurationList = C489A6381A2968FD009ECF89 /* Build configuration list for PBXProject "barcodeTestReader" */;
			compatibilityVersion = "Xcode 3.2";
			developmentRegion = English;
			hasScannedForEncodings = 0;
			knownRegions = (
				en,
				Base,
			);
			mainGroup = C489A6341A2968FD009ECF89;
			productRefGroup = C489A63E1A2968FD009ECF89 /* Products */;
			projectDirPath = "";
			projectReferences = (
				{
					ProductGroup = D0ED0BE01A2B565C0090FCED /* Products */;
					ProjectRef = D0ED0BDF1A2B565C0090FCED /* RSBarcodes.xcodeproj */;
				},
			);
			projectRoot = "";
			targets = (
				C489A63C1A2968FD009ECF89 /* barcodeTestReader */,
				C489A6541A2968FD009ECF89 /* barcodeTestReaderTests */,
			);
		};
/* End PBXProject section */

/* Begin PBXReferenceProxy section */
		D0ED0BE41A2B565C0090FCED /* RSBarcodes.framework */ = {
			isa = PBXReferenceProxy;
			fileType = wrapper.framework;
			path = RSBarcodes.framework;
			remoteRef = D0ED0BE31A2B565C0090FCED /* PBXContainerItemProxy */;
			sourceTree = BUILT_PRODUCTS_DIR;
		};
/* End PBXReferenceProxy section */

/* Begin PBXResourcesBuildPhase section */
		C489A63B1A2968FD009ECF89 /* Resources */ = {
			isa = PBXResourcesBuildPhase;
			buildActionMask = 2147483647;
			files = (
				C489A64B1A2968FD009ECF89 /* Main.storyboard in Resources */,
				C489A6501A2968FD009ECF89 /* LaunchScreen.xib in Resources */,
				C489A64D1A2968FD009ECF89 /* Images.xcassets in Resources */,
			);
			runOnlyForDeploymentPostprocessing = 0;
		};
		C489A6531A2968FD009ECF89 /* Resources */ = {
			isa = PBXResourcesBuildPhase;
			buildActionMask = 2147483647;
			files = (
			);
			runOnlyForDeploymentPostprocessing = 0;
		};
/* End PBXResourcesBuildPhase section */

/* Begin PBXSourcesBuildPhase section */
		C489A6391A2968FD009ECF89 /* Sources */ = {
			isa = PBXSourcesBuildPhase;
			buildActionMask = 2147483647;
			files = (
				C489A6481A2968FD009ECF89 /* ViewController.swift in Sources */,
				C489A6431A2968FD009ECF89 /* AppDelegate.swift in Sources */,
				C489A6461A2968FD009ECF89 /* barcodeTestReader.xcdatamodeld in Sources */,
				D0ED0BDE1A2B56310090FCED /* ReaderViewController.swift in Sources */,
			);
			runOnlyForDeploymentPostprocessing = 0;
		};
		C489A6511A2968FD009ECF89 /* Sources */ = {
			isa = PBXSourcesBuildPhase;
			buildActionMask = 2147483647;
			files = (
				C489A65C1A2968FD009ECF89 /* barcodeTestReaderTests.swift in Sources */,
			);
			runOnlyForDeploymentPostprocessing = 0;
		};
/* End PBXSourcesBuildPhase section */

/* Begin PBXTargetDependency section */
		C489A6571A2968FD009ECF89 /* PBXTargetDependency */ = {
			isa = PBXTargetDependency;
			target = C489A63C1A2968FD009ECF89 /* barcodeTestReader */;
			targetProxy = C489A6561A2968FD009ECF89 /* PBXContainerItemProxy */;
		};
		D0ED0BE61A2B56600090FCED /* PBXTargetDependency */ = {
			isa = PBXTargetDependency;
			name = RSBarcodes;
			targetProxy = D0ED0BE51A2B56600090FCED /* PBXContainerItemProxy */;
		};
/* End PBXTargetDependency section */

/* Begin PBXVariantGroup section */
		C489A6491A2968FD009ECF89 /* Main.storyboard */ = {
			isa = PBXVariantGroup;
			children = (
				C489A64A1A2968FD009ECF89 /* Base */,
			);
			name = Main.storyboard;
			sourceTree = "<group>";
		};
		C489A64E1A2968FD009ECF89 /* LaunchScreen.xib */ = {
			isa = PBXVariantGroup;
			children = (
				C489A64F1A2968FD009ECF89 /* Base */,
			);
			name = LaunchScreen.xib;
			sourceTree = "<group>";
		};
/* End PBXVariantGroup section */

/* Begin XCBuildConfiguration section */
		C489A65D1A2968FD009ECF89 /* Debug */ = {
			isa = XCBuildConfiguration;
			buildSettings = {
				ALWAYS_SEARCH_USER_PATHS = NO;
				CLANG_CXX_LANGUAGE_STANDARD = "gnu++0x";
				CLANG_CXX_LIBRARY = "libc++";
				CLANG_ENABLE_MODULES = YES;
				CLANG_ENABLE_OBJC_ARC = YES;
				CLANG_WARN_BOOL_CONVERSION = YES;
				CLANG_WARN_CONSTANT_CONVERSION = YES;
				CLANG_WARN_DIRECT_OBJC_ISA_USAGE = YES_ERROR;
				CLANG_WARN_EMPTY_BODY = YES;
				CLANG_WARN_ENUM_CONVERSION = YES;
				CLANG_WARN_INT_CONVERSION = YES;
				CLANG_WARN_OBJC_ROOT_CLASS = YES_ERROR;
				CLANG_WARN_UNREACHABLE_CODE = YES;
				CLANG_WARN__DUPLICATE_METHOD_MATCH = YES;
				"CODE_SIGN_IDENTITY[sdk=iphoneos*]" = "iPhone Developer";
				COPY_PHASE_STRIP = NO;
				ENABLE_STRICT_OBJC_MSGSEND = YES;
				GCC_C_LANGUAGE_STANDARD = gnu99;
				GCC_DYNAMIC_NO_PIC = NO;
				GCC_OPTIMIZATION_LEVEL = 0;
				GCC_PREPROCESSOR_DEFINITIONS = (
					"DEBUG=1",
					"$(inherited)",
				);
				GCC_SYMBOLS_PRIVATE_EXTERN = NO;
				GCC_WARN_64_TO_32_BIT_CONVERSION = YES;
				GCC_WARN_ABOUT_RETURN_TYPE = YES_ERROR;
				GCC_WARN_UNDECLARED_SELECTOR = YES;
				GCC_WARN_UNINITIALIZED_AUTOS = YES_AGGRESSIVE;
				GCC_WARN_UNUSED_FUNCTION = YES;
				GCC_WARN_UNUSED_VARIABLE = YES;
				IPHONEOS_DEPLOYMENT_TARGET = 8.1;
				MTL_ENABLE_DEBUG_INFO = YES;
				ONLY_ACTIVE_ARCH = YES;
				SDKROOT = iphoneos;
				SWIFT_OPTIMIZATION_LEVEL = "-Onone";
			};
			name = Debug;
		};
		C489A65E1A2968FD009ECF89 /* Release */ = {
			isa = XCBuildConfiguration;
			buildSettings = {
				ALWAYS_SEARCH_USER_PATHS = NO;
				CLANG_CXX_LANGUAGE_STANDARD = "gnu++0x";
				CLANG_CXX_LIBRARY = "libc++";
				CLANG_ENABLE_MODULES = YES;
				CLANG_ENABLE_OBJC_ARC = YES;
				CLANG_WARN_BOOL_CONVERSION = YES;
				CLANG_WARN_CONSTANT_CONVERSION = YES;
				CLANG_WARN_DIRECT_OBJC_ISA_USAGE = YES_ERROR;
				CLANG_WARN_EMPTY_BODY = YES;
				CLANG_WARN_ENUM_CONVERSION = YES;
				CLANG_WARN_INT_CONVERSION = YES;
				CLANG_WARN_OBJC_ROOT_CLASS = YES_ERROR;
				CLANG_WARN_UNREACHABLE_CODE = YES;
				CLANG_WARN__DUPLICATE_METHOD_MATCH = YES;
				"CODE_SIGN_IDENTITY[sdk=iphoneos*]" = "iPhone Developer";
				COPY_PHASE_STRIP = YES;
				ENABLE_NS_ASSERTIONS = NO;
				ENABLE_STRICT_OBJC_MSGSEND = YES;
				GCC_C_LANGUAGE_STANDARD = gnu99;
				GCC_WARN_64_TO_32_BIT_CONVERSION = YES;
				GCC_WARN_ABOUT_RETURN_TYPE = YES_ERROR;
				GCC_WARN_UNDECLARED_SELECTOR = YES;
				GCC_WARN_UNINITIALIZED_AUTOS = YES_AGGRESSIVE;
				GCC_WARN_UNUSED_FUNCTION = YES;
				GCC_WARN_UNUSED_VARIABLE = YES;
				IPHONEOS_DEPLOYMENT_TARGET = 8.1;
				MTL_ENABLE_DEBUG_INFO = NO;
				SDKROOT = iphoneos;
				VALIDATE_PRODUCT = YES;
			};
			name = Release;
		};
		C489A6601A2968FD009ECF89 /* Debug */ = {
			isa = XCBuildConfiguration;
			buildSettings = {
				ASSETCATALOG_COMPILER_APPICON_NAME = AppIcon;
				INFOPLIST_FILE = barcodeTestReader/Info.plist;
				LD_RUNPATH_SEARCH_PATHS = "$(inherited) @executable_path/Frameworks";
				PRODUCT_NAME = "$(TARGET_NAME)";
			};
			name = Debug;
		};
		C489A6611A2968FD009ECF89 /* Release */ = {
			isa = XCBuildConfiguration;
			buildSettings = {
				ASSETCATALOG_COMPILER_APPICON_NAME = AppIcon;
				INFOPLIST_FILE = barcodeTestReader/Info.plist;
				LD_RUNPATH_SEARCH_PATHS = "$(inherited) @executable_path/Frameworks";
				PRODUCT_NAME = "$(TARGET_NAME)";
			};
			name = Release;
		};
		C489A6631A2968FD009ECF89 /* Debug */ = {
			isa = XCBuildConfiguration;
			buildSettings = {
				BUNDLE_LOADER = "$(TEST_HOST)";
				FRAMEWORK_SEARCH_PATHS = (
					"$(SDKROOT)/Developer/Library/Frameworks",
					"$(inherited)",
				);
				GCC_PREPROCESSOR_DEFINITIONS = (
					"DEBUG=1",
					"$(inherited)",
				);
				INFOPLIST_FILE = barcodeTestReaderTests/Info.plist;
				LD_RUNPATH_SEARCH_PATHS = "$(inherited) @executable_path/Frameworks @loader_path/Frameworks";
				PRODUCT_NAME = "$(TARGET_NAME)";
				TEST_HOST = "$(BUILT_PRODUCTS_DIR)/barcodeTestReader.app/barcodeTestReader";
			};
			name = Debug;
		};
		C489A6641A2968FD009ECF89 /* Release */ = {
			isa = XCBuildConfiguration;
			buildSettings = {
				BUNDLE_LOADER = "$(TEST_HOST)";
				FRAMEWORK_SEARCH_PATHS = (
					"$(SDKROOT)/Developer/Library/Frameworks",
					"$(inherited)",
				);
				INFOPLIST_FILE = barcodeTestReaderTests/Info.plist;
				LD_RUNPATH_SEARCH_PATHS = "$(inherited) @executable_path/Frameworks @loader_path/Frameworks";
				PRODUCT_NAME = "$(TARGET_NAME)";
				TEST_HOST = "$(BUILT_PRODUCTS_DIR)/barcodeTestReader.app/barcodeTestReader";
			};
			name = Release;
		};
/* End XCBuildConfiguration section */

/* Begin XCConfigurationList section */
		C489A6381A2968FD009ECF89 /* Build configuration list for PBXProject "barcodeTestReader" */ = {
			isa = XCConfigurationList;
			buildConfigurations = (
				C489A65D1A2968FD009ECF89 /* Debug */,
				C489A65E1A2968FD009ECF89 /* Release */,
			);
			defaultConfigurationIsVisible = 0;
			defaultConfigurationName = Release;
		};
		C489A65F1A2968FD009ECF89 /* Build configuration list for PBXNativeTarget "barcodeTestReader" */ = {
			isa = XCConfigurationList;
			buildConfigurations = (
				C489A6601A2968FD009ECF89 /* Debug */,
				C489A6611A2968FD009ECF89 /* Release */,
			);
			defaultConfigurationIsVisible = 0;
			defaultConfigurationName = Release;
		};
		C489A6621A2968FD009ECF89 /* Build configuration list for PBXNativeTarget "barcodeTestReaderTests" */ = {
			isa = XCConfigurationList;
			buildConfigurations = (
				C489A6631A2968FD009ECF89 /* Debug */,
				C489A6641A2968FD009ECF89 /* Release */,
			);
			defaultConfigurationIsVisible = 0;
			defaultConfigurationName = Release;
		};
/* End XCConfigurationList section */

/* Begin XCVersionGroup section */
		C489A6441A2968FD009ECF89 /* barcodeTestReader.xcdatamodeld */ = {
			isa = XCVersionGroup;
			children = (
				C489A6451A2968FD009ECF89 /* barcodeTestReader.xcdatamodel */,
			);
			currentVersion = C489A6451A2968FD009ECF89 /* barcodeTestReader.xcdatamodel */;
			path = barcodeTestReader.xcdatamodeld;
			sourceTree = "<group>";
			versionGroupType = wrapper.xcdatamodel;
		};
/* End XCVersionGroup section */
	};
	rootObject = C489A6351A2968FD009ECF89 /* Project object */;
}
